// !$*UTF8*$!
{
	archiveVersion = 1;
	classes = {
	};
	objectVersion = 56;
	objects = {

/* Begin PBXBuildFile section */
		EE1014722BA22DAD000BADE3 /* MissionsModel.swift in Sources */ = {isa = PBXBuildFile; fileRef = EE1014712BA22DAD000BADE3 /* MissionsModel.swift */; };
		EE1014742BA242A4000BADE3 /* Color-Theme.swift in Sources */ = {isa = PBXBuildFile; fileRef = EE1014732BA242A4000BADE3 /* Color-Theme.swift */; };
		EE3596FF2BA4926600640EF3 /* MissionView.swift in Sources */ = {isa = PBXBuildFile; fileRef = EE3596FE2BA4926600640EF3 /* MissionView.swift */; };
		EE3597022BA49D5100640EF3 /* CustomDivider.swift in Sources */ = {isa = PBXBuildFile; fileRef = EE3597012BA49D5100640EF3 /* CustomDivider.swift */; };
		EEFB484C2BA1FF65008D8B2A /* MoonshotApp.swift in Sources */ = {isa = PBXBuildFile; fileRef = EEFB484B2BA1FF65008D8B2A /* MoonshotApp.swift */; };
		EEFB484E2BA1FF65008D8B2A /* ContentView.swift in Sources */ = {isa = PBXBuildFile; fileRef = EEFB484D2BA1FF65008D8B2A /* ContentView.swift */; };
		EEFB48502BA1FF68008D8B2A /* Assets.xcassets in Resources */ = {isa = PBXBuildFile; fileRef = EEFB484F2BA1FF68008D8B2A /* Assets.xcassets */; };
		EEFB48532BA1FF68008D8B2A /* Preview Assets.xcassets in Resources */ = {isa = PBXBuildFile; fileRef = EEFB48522BA1FF68008D8B2A /* Preview Assets.xcassets */; };
		EEFB485D2BA2274B008D8B2A /* astronauts.json in Resources */ = {isa = PBXBuildFile; fileRef = EEFB485B2BA2274B008D8B2A /* astronauts.json */; };
		EEFB485E2BA2274B008D8B2A /* missions.json in Resources */ = {isa = PBXBuildFile; fileRef = EEFB485C2BA2274B008D8B2A /* missions.json */; };
		EEFB48602BA2280B008D8B2A /* AstronautsModel.swift in Sources */ = {isa = PBXBuildFile; fileRef = EEFB485F2BA2280B008D8B2A /* AstronautsModel.swift */; };
		EEFB48632BA228A6008D8B2A /* Bundle-Decodable.swift in Sources */ = {isa = PBXBuildFile; fileRef = EEFB48622BA228A6008D8B2A /* Bundle-Decodable.swift */; };
/* End PBXBuildFile section */

/* Begin PBXFileReference section */
		EE1014712BA22DAD000BADE3 /* MissionsModel.swift */ = {isa = PBXFileReference; lastKnownFileType = sourcecode.swift; path = MissionsModel.swift; sourceTree = "<group>"; };
		EE1014732BA242A4000BADE3 /* Color-Theme.swift */ = {isa = PBXFileReference; lastKnownFileType = sourcecode.swift; path = "Color-Theme.swift"; sourceTree = "<group>"; };
		EE3596FE2BA4926600640EF3 /* MissionView.swift */ = {isa = PBXFileReference; lastKnownFileType = sourcecode.swift; path = MissionView.swift; sourceTree = "<group>"; };
		EE3597012BA49D5100640EF3 /* CustomDivider.swift */ = {isa = PBXFileReference; lastKnownFileType = sourcecode.swift; path = CustomDivider.swift; sourceTree = "<group>"; };
		EEFB48482BA1FF65008D8B2A /* Moonshot.app */ = {isa = PBXFileReference; explicitFileType = wrapper.application; includeInIndex = 0; path = Moonshot.app; sourceTree = BUILT_PRODUCTS_DIR; };
		EEFB484B2BA1FF65008D8B2A /* MoonshotApp.swift */ = {isa = PBXFileReference; lastKnownFileType = sourcecode.swift; path = MoonshotApp.swift; sourceTree = "<group>"; };
		EEFB484D2BA1FF65008D8B2A /* ContentView.swift */ = {isa = PBXFileReference; lastKnownFileType = sourcecode.swift; path = ContentView.swift; sourceTree = "<group>"; };
		EEFB484F2BA1FF68008D8B2A /* Assets.xcassets */ = {isa = PBXFileReference; lastKnownFileType = folder.assetcatalog; path = Assets.xcassets; sourceTree = "<group>"; };
		EEFB48522BA1FF68008D8B2A /* Preview Assets.xcassets */ = {isa = PBXFileReference; lastKnownFileType = folder.assetcatalog; path = "Preview Assets.xcassets"; sourceTree = "<group>"; };
		EEFB485B2BA2274B008D8B2A /* astronauts.json */ = {isa = PBXFileReference; fileEncoding = 4; lastKnownFileType = text.json; path = astronauts.json; sourceTree = "<group>"; };
		EEFB485C2BA2274B008D8B2A /* missions.json */ = {isa = PBXFileReference; fileEncoding = 4; lastKnownFileType = text.json; path = missions.json; sourceTree = "<group>"; };
		EEFB485F2BA2280B008D8B2A /* AstronautsModel.swift */ = {isa = PBXFileReference; lastKnownFileType = sourcecode.swift; path = AstronautsModel.swift; sourceTree = "<group>"; };
		EEFB48622BA228A6008D8B2A /* Bundle-Decodable.swift */ = {isa = PBXFileReference; lastKnownFileType = sourcecode.swift; path = "Bundle-Decodable.swift"; sourceTree = "<group>"; };
/* End PBXFileReference section */

/* Begin PBXFrameworksBuildPhase section */
		EEFB48452BA1FF65008D8B2A /* Frameworks */ = {
			isa = PBXFrameworksBuildPhase;
			buildActionMask = 2147483647;
			files = (
			);
			runOnlyForDeploymentPostprocessing = 0;
		};
/* End PBXFrameworksBuildPhase section */

/* Begin PBXGroup section */
		EE1014752BA242D2000BADE3 /* Extensions */ = {
			isa = PBXGroup;
			children = (
				EEFB48622BA228A6008D8B2A /* Bundle-Decodable.swift */,
				EE1014732BA242A4000BADE3 /* Color-Theme.swift */,
			);
			path = Extensions;
			sourceTree = "<group>";
		};
		EE3597002BA4926B00640EF3 /* Components */ = {
			isa = PBXGroup;
			children = (
				EE3597012BA49D5100640EF3 /* CustomDivider.swift */,
			);
			path = Components;
			sourceTree = "<group>";
		};
		EE3597032BA49D5D00640EF3 /* Views */ = {
			isa = PBXGroup;
			children = (
				EE3596FE2BA4926600640EF3 /* MissionView.swift */,
			);
			path = Views;
			sourceTree = "<group>";
		};
		EEFB483F2BA1FF65008D8B2A = {
			isa = PBXGroup;
			children = (
				EEFB484A2BA1FF65008D8B2A /* Moonshot */,
				EEFB48492BA1FF65008D8B2A /* Products */,
			);
			sourceTree = "<group>";
		};
		EEFB48492BA1FF65008D8B2A /* Products */ = {
			isa = PBXGroup;
			children = (
				EEFB48482BA1FF65008D8B2A /* Moonshot.app */,
			);
			name = Products;
			sourceTree = "<group>";
		};
		EEFB484A2BA1FF65008D8B2A /* Moonshot */ = {
			isa = PBXGroup;
			children = (
				EE3597032BA49D5D00640EF3 /* Views */,
				EE3597002BA4926B00640EF3 /* Components */,
				EE1014752BA242D2000BADE3 /* Extensions */,
				EEFB48612BA2288C008D8B2A /* Models */,
				EEFB484B2BA1FF65008D8B2A /* MoonshotApp.swift */,
				EEFB484D2BA1FF65008D8B2A /* ContentView.swift */,
				EEFB484F2BA1FF68008D8B2A /* Assets.xcassets */,
				EEFB48512BA1FF68008D8B2A /* Preview Content */,
			);
			path = Moonshot;
			sourceTree = "<group>";
		};
		EEFB48512BA1FF68008D8B2A /* Preview Content */ = {
			isa = PBXGroup;
			children = (
				EEFB48522BA1FF68008D8B2A /* Preview Assets.xcassets */,
			);
			path = "Preview Content";
			sourceTree = "<group>";
		};
		EEFB48612BA2288C008D8B2A /* Models */ = {
			isa = PBXGroup;
			children = (
				EEFB485F2BA2280B008D8B2A /* AstronautsModel.swift */,
				EE1014712BA22DAD000BADE3 /* MissionsModel.swift */,
				EEFB485B2BA2274B008D8B2A /* astronauts.json */,
				EEFB485C2BA2274B008D8B2A /* missions.json */,
			);
			path = Models;
			sourceTree = "<group>";
		};
/* End PBXGroup section */

/* Begin PBXNativeTarget section */
		EEFB48472BA1FF65008D8B2A /* Moonshot */ = {
			isa = PBXNativeTarget;
			buildConfigurationList = EEFB48562BA1FF68008D8B2A /* Build configuration list for PBXNativeTarget "Moonshot" */;
			buildPhases = (
				EEFB48442BA1FF65008D8B2A /* Sources */,
				EEFB48452BA1FF65008D8B2A /* Frameworks */,
				EEFB48462BA1FF65008D8B2A /* Resources */,
			);
			buildRules = (
			);
			dependencies = (
			);
			name = Moonshot;
			productName = Moonshot;
			productReference = EEFB48482BA1FF65008D8B2A /* Moonshot.app */;
			productType = "com.apple.product-type.application";
		};
/* End PBXNativeTarget section */

/* Begin PBXProject section */
		EEFB48402BA1FF65008D8B2A /* Project object */ = {
			isa = PBXProject;
			attributes = {
				BuildIndependentTargetsInParallel = 1;
				LastSwiftUpdateCheck = 1530;
				LastUpgradeCheck = 1530;
				TargetAttributes = {
					EEFB48472BA1FF65008D8B2A = {
						CreatedOnToolsVersion = 15.3;
					};
				};
			};
			buildConfigurationList = EEFB48432BA1FF65008D8B2A /* Build configuration list for PBXProject "Moonshot" */;
			compatibilityVersion = "Xcode 14.0";
			developmentRegion = en;
			hasScannedForEncodings = 0;
			knownRegions = (
				en,
				Base,
			);
			mainGroup = EEFB483F2BA1FF65008D8B2A;
			productRefGroup = EEFB48492BA1FF65008D8B2A /* Products */;
			projectDirPath = "";
			projectRoot = "";
			targets = (
				EEFB48472BA1FF65008D8B2A /* Moonshot */,
			);
		};
/* End PBXProject section */

/* Begin PBXResourcesBuildPhase section */
		EEFB48462BA1FF65008D8B2A /* Resources */ = {
			isa = PBXResourcesBuildPhase;
			buildActionMask = 2147483647;
			files = (
				EEFB485D2BA2274B008D8B2A /* astronauts.json in Resources */,
				EEFB48532BA1FF68008D8B2A /* Preview Assets.xcassets in Resources */,
				EEFB485E2BA2274B008D8B2A /* missions.json in Resources */,
				EEFB48502BA1FF68008D8B2A /* Assets.xcassets in Resources */,
			);
			runOnlyForDeploymentPostprocessing = 0;
		};
/* End PBXResourcesBuildPhase section */

/* Begin PBXSourcesBuildPhase section */
		EEFB48442BA1FF65008D8B2A /* Sources */ = {
			isa = PBXSourcesBuildPhase;
			buildActionMask = 2147483647;
			files = (
				EE3597022BA49D5100640EF3 /* CustomDivider.swift in Sources */,
				EE3596FF2BA4926600640EF3 /* MissionView.swift in Sources */,
				EE1014722BA22DAD000BADE3 /* MissionsModel.swift in Sources */,
				EE1014742BA242A4000BADE3 /* Color-Theme.swift in Sources */,
				EEFB48602BA2280B008D8B2A /* AstronautsModel.swift in Sources */,
				EEFB484E2BA1FF65008D8B2A /* ContentView.swift in Sources */,
				EEFB484C2BA1FF65008D8B2A /* MoonshotApp.swift in Sources */,
				EEFB48632BA228A6008D8B2A /* Bundle-Decodable.swift in Sources */,
			);
			runOnlyForDeploymentPostprocessing = 0;
		};
/* End PBXSourcesBuildPhase section */

/* Begin XCBuildConfiguration section */
		EEFB48542BA1FF68008D8B2A /* Debug */ = {
			isa = XCBuildConfiguration;
			buildSettings = {
				ALWAYS_SEARCH_USER_PATHS = NO;
				ASSETCATALOG_COMPILER_GENERATE_SWIFT_ASSET_SYMBOL_EXTENSIONS = YES;
				CLANG_ANALYZER_NONNULL = YES;
				CLANG_ANALYZER_NUMBER_OBJECT_CONVERSION = YES_AGGRESSIVE;
				CLANG_CXX_LANGUAGE_STANDARD = "gnu++20";
				CLANG_ENABLE_MODULES = YES;
				CLANG_ENABLE_OBJC_ARC = YES;
				CLANG_ENABLE_OBJC_WEAK = YES;
				CLANG_WARN_BLOCK_CAPTURE_AUTORELEASING = YES;
				CLANG_WARN_BOOL_CONVERSION = YES;
				CLANG_WARN_COMMA = YES;
				CLANG_WARN_CONSTANT_CONVERSION = YES;
				CLANG_WARN_DEPRECATED_OBJC_IMPLEMENTATIONS = YES;
				CLANG_WARN_DIRECT_OBJC_ISA_USAGE = YES_ERROR;
				CLANG_WARN_DOCUMENTATION_COMMENTS = YES;
				CLANG_WARN_EMPTY_BODY = YES;
				CLANG_WARN_ENUM_CONVERSION = YES;
				CLANG_WARN_INFINITE_RECURSION = YES;
				CLANG_WARN_INT_CONVERSION = YES;
				CLANG_WARN_NON_LITERAL_NULL_CONVERSION = YES;
				CLANG_WARN_OBJC_IMPLICIT_RETAIN_SELF = YES;
				CLANG_WARN_OBJC_LITERAL_CONVERSION = YES;
				CLANG_WARN_OBJC_ROOT_CLASS = YES_ERROR;
				CLANG_WARN_QUOTED_INCLUDE_IN_FRAMEWORK_HEADER = YES;
				CLANG_WARN_RANGE_LOOP_ANALYSIS = YES;
				CLANG_WARN_STRICT_PROTOTYPES = YES;
				CLANG_WARN_SUSPICIOUS_MOVE = YES;
				CLANG_WARN_UNGUARDED_AVAILABILITY = YES_AGGRESSIVE;
				CLANG_WARN_UNREACHABLE_CODE = YES;
				CLANG_WARN__DUPLICATE_METHOD_MATCH = YES;
				COPY_PHASE_STRIP = NO;
				DEBUG_INFORMATION_FORMAT = dwarf;
				ENABLE_STRICT_OBJC_MSGSEND = YES;
				ENABLE_TESTABILITY = YES;
				ENABLE_USER_SCRIPT_SANDBOXING = YES;
				GCC_C_LANGUAGE_STANDARD = gnu17;
				GCC_DYNAMIC_NO_PIC = NO;
				GCC_NO_COMMON_BLOCKS = YES;
				GCC_OPTIMIZATION_LEVEL = 0;
				GCC_PREPROCESSOR_DEFINITIONS = (
					"DEBUG=1",
					"$(inherited)",
				);
				GCC_WARN_64_TO_32_BIT_CONVERSION = YES;
				GCC_WARN_ABOUT_RETURN_TYPE = YES_ERROR;
				GCC_WARN_UNDECLARED_SELECTOR = YES;
				GCC_WARN_UNINITIALIZED_AUTOS = YES_AGGRESSIVE;
				GCC_WARN_UNUSED_FUNCTION = YES;
				GCC_WARN_UNUSED_VARIABLE = YES;
				IPHONEOS_DEPLOYMENT_TARGET = 17.4;
				LOCALIZATION_PREFERS_STRING_CATALOGS = YES;
				MTL_ENABLE_DEBUG_INFO = INCLUDE_SOURCE;
				MTL_FAST_MATH = YES;
				ONLY_ACTIVE_ARCH = YES;
				SDKROOT = iphoneos;
				SWIFT_ACTIVE_COMPILATION_CONDITIONS = "DEBUG $(inherited)";
				SWIFT_OPTIMIZATION_LEVEL = "-Onone";
			};
			name = Debug;
		};
		EEFB48552BA1FF68008D8B2A /* Release */ = {
			isa = XCBuildConfiguration;
			buildSettings = {
				ALWAYS_SEARCH_USER_PATHS = NO;
				ASSETCATALOG_COMPILER_GENERATE_SWIFT_ASSET_SYMBOL_EXTENSIONS = YES;
				CLANG_ANALYZER_NONNULL = YES;
				CLANG_ANALYZER_NUMBER_OBJECT_CONVERSION = YES_AGGRESSIVE;
				CLANG_CXX_LANGUAGE_STANDARD = "gnu++20";
				CLANG_ENABLE_MODULES = YES;
				CLANG_ENABLE_OBJC_ARC = YES;
				CLANG_ENABLE_OBJC_WEAK = YES;
				CLANG_WARN_BLOCK_CAPTURE_AUTORELEASING = YES;
				CLANG_WARN_BOOL_CONVERSION = YES;
				CLANG_WARN_COMMA = YES;
				CLANG_WARN_CONSTANT_CONVERSION = YES;
				CLANG_WARN_DEPRECATED_OBJC_IMPLEMENTATIONS = YES;
				CLANG_WARN_DIRECT_OBJC_ISA_USAGE = YES_ERROR;
				CLANG_WARN_DOCUMENTATION_COMMENTS = YES;
				CLANG_WARN_EMPTY_BODY = YES;
				CLANG_WARN_ENUM_CONVERSION = YES;
				CLANG_WARN_INFINITE_RECURSION = YES;
				CLANG_WARN_INT_CONVERSION = YES;
				CLANG_WARN_NON_LITERAL_NULL_CONVERSION = YES;
				CLANG_WARN_OBJC_IMPLICIT_RETAIN_SELF = YES;
				CLANG_WARN_OBJC_LITERAL_CONVERSION = YES;
				CLANG_WARN_OBJC_ROOT_CLASS = YES_ERROR;
				CLANG_WARN_QUOTED_INCLUDE_IN_FRAMEWORK_HEADER = YES;
				CLANG_WARN_RANGE_LOOP_ANALYSIS = YES;
				CLANG_WARN_STRICT_PROTOTYPES = YES;
				CLANG_WARN_SUSPICIOUS_MOVE = YES;
				CLANG_WARN_UNGUARDED_AVAILABILITY = YES_AGGRESSIVE;
				CLANG_WARN_UNREACHABLE_CODE = YES;
				CLANG_WARN__DUPLICATE_METHOD_MATCH = YES;
				COPY_PHASE_STRIP = NO;
				DEBUG_INFORMATION_FORMAT = "dwarf-with-dsym";
				ENABLE_NS_ASSERTIONS = NO;
				ENABLE_STRICT_OBJC_MSGSEND = YES;
				ENABLE_USER_SCRIPT_SANDBOXING = YES;
				GCC_C_LANGUAGE_STANDARD = gnu17;
				GCC_NO_COMMON_BLOCKS = YES;
				GCC_WARN_64_TO_32_BIT_CONVERSION = YES;
				GCC_WARN_ABOUT_RETURN_TYPE = YES_ERROR;
				GCC_WARN_UNDECLARED_SELECTOR = YES;
				GCC_WARN_UNINITIALIZED_AUTOS = YES_AGGRESSIVE;
				GCC_WARN_UNUSED_FUNCTION = YES;
				GCC_WARN_UNUSED_VARIABLE = YES;
				IPHONEOS_DEPLOYMENT_TARGET = 17.4;
				LOCALIZATION_PREFERS_STRING_CATALOGS = YES;
				MTL_ENABLE_DEBUG_INFO = NO;
				MTL_FAST_MATH = YES;
				SDKROOT = iphoneos;
				SWIFT_COMPILATION_MODE = wholemodule;
				VALIDATE_PRODUCT = YES;
			};
			name = Release;
		};
		EEFB48572BA1FF68008D8B2A /* Debug */ = {
			isa = XCBuildConfiguration;
			buildSettings = {
				ASSETCATALOG_COMPILER_APPICON_NAME = AppIcon;
				ASSETCATALOG_COMPILER_GLOBAL_ACCENT_COLOR_NAME = AccentColor;
				CODE_SIGN_STYLE = Automatic;
				CURRENT_PROJECT_VERSION = 1;
				DEVELOPMENT_ASSET_PATHS = "\"Moonshot/Preview Content\"";
				DEVELOPMENT_TEAM = 95S4YF8VTJ;
				ENABLE_PREVIEWS = YES;
				GENERATE_INFOPLIST_FILE = YES;
				INFOPLIST_KEY_UIApplicationSceneManifest_Generation = YES;
				INFOPLIST_KEY_UIApplicationSupportsIndirectInputEvents = YES;
				INFOPLIST_KEY_UILaunchScreen_Generation = YES;
				INFOPLIST_KEY_UISupportedInterfaceOrientations_iPad = "UIInterfaceOrientationPortrait UIInterfaceOrientationPortraitUpsideDown UIInterfaceOrientationLandscapeLeft UIInterfaceOrientationLandscapeRight";
				INFOPLIST_KEY_UISupportedInterfaceOrientations_iPhone = "UIInterfaceOrientationPortrait UIInterfaceOrientationLandscapeLeft UIInterfaceOrientationLandscapeRight";
				LD_RUNPATH_SEARCH_PATHS = (
					"$(inherited)",
					"@executable_path/Frameworks",
				);
				MARKETING_VERSION = 1.0;
				PRODUCT_BUNDLE_IDENTIFIER = com.lugo.reiwil.Moonshot;
				PRODUCT_NAME = "$(TARGET_NAME)";
				SWIFT_EMIT_LOC_STRINGS = YES;
				SWIFT_VERSION = 5.0;
				TARGETED_DEVICE_FAMILY = "1,2";
			};
			name = Debug;
		};
		EEFB48582BA1FF68008D8B2A /* Release */ = {
			isa = XCBuildConfiguration;
			buildSettings = {
				ASSETCATALOG_COMPILER_APPICON_NAME = AppIcon;
				ASSETCATALOG_COMPILER_GLOBAL_ACCENT_COLOR_NAME = AccentColor;
				CODE_SIGN_STYLE = Automatic;
				CURRENT_PROJECT_VERSION = 1;
				DEVELOPMENT_ASSET_PATHS = "\"Moonshot/Preview Content\"";
				DEVELOPMENT_TEAM = 95S4YF8VTJ;
				ENABLE_PREVIEWS = YES;
				GENERATE_INFOPLIST_FILE = YES;
				INFOPLIST_KEY_UIApplicationSceneManifest_Generation = YES;
				INFOPLIST_KEY_UIApplicationSupportsIndirectInputEvents = YES;
				INFOPLIST_KEY_UILaunchScreen_Generation = YES;
				INFOPLIST_KEY_UISupportedInterfaceOrientations_iPad = "UIInterfaceOrientationPortrait UIInterfaceOrientationPortraitUpsideDown UIInterfaceOrientationLandscapeLeft UIInterfaceOrientationLandscapeRight";
				INFOPLIST_KEY_UISupportedInterfaceOrientations_iPhone = "UIInterfaceOrientationPortrait UIInterfaceOrientationLandscapeLeft UIInterfaceOrientationLandscapeRight";
				LD_RUNPATH_SEARCH_PATHS = (
					"$(inherited)",
					"@executable_path/Frameworks",
				);
				MARKETING_VERSION = 1.0;
				PRODUCT_BUNDLE_IDENTIFIER = com.lugo.reiwil.Moonshot;
				PRODUCT_NAME = "$(TARGET_NAME)";
				SWIFT_EMIT_LOC_STRINGS = YES;
				SWIFT_VERSION = 5.0;
				TARGETED_DEVICE_FAMILY = "1,2";
			};
			name = Release;
		};
/* End XCBuildConfiguration section */

/* Begin XCConfigurationList section */
		EEFB48432BA1FF65008D8B2A /* Build configuration list for PBXProject "Moonshot" */ = {
			isa = XCConfigurationList;
			buildConfigurations = (
				EEFB48542BA1FF68008D8B2A /* Debug */,
				EEFB48552BA1FF68008D8B2A /* Release */,
			);
			defaultConfigurationIsVisible = 0;
			defaultConfigurationName = Release;
		};
		EEFB48562BA1FF68008D8B2A /* Build configuration list for PBXNativeTarget "Moonshot" */ = {
			isa = XCConfigurationList;
			buildConfigurations = (
				EEFB48572BA1FF68008D8B2A /* Debug */,
				EEFB48582BA1FF68008D8B2A /* Release */,
			);
			defaultConfigurationIsVisible = 0;
			defaultConfigurationName = Release;
		};
/* End XCConfigurationList section */
	};
	rootObject = EEFB48402BA1FF65008D8B2A /* Project object */;
}
